
Microsoft Visual Studio Solution File, Format Version 12.00
# Visual Studio Version 17
VisualStudioVersion = 17.13.35828.75
MinimumVisualStudioVersion = 10.0.40219.1
Project("{8BC9CEB8-8B4A-11D0-8D11-00A0C91BC942}") = "lab", "lab\lab.vcxproj", "{587D3EB4-3876-4904-A3A5-B720F3EB2A77}"
EndProject
Project("{8BC9CEB8-8B4A-11D0-8D11-00A0C91BC942}") = "Pra01", "Pra01\Pra01.vcxproj", "{D36575E2-E407-4172-8C95-D791AF101F51}"
EndProject
Project("{8BC9CEB8-8B4A-11D0-8D11-00A0C91BC942}") = "Ex01", "Ex01\Ex01.vcxproj", "{C81E1470-A666-4002-A14B-66854D267F51}"
EndProject
Global
	GlobalSection(SolutionConfigurationPlatforms) = preSolution
		Debug|x64 = Debug|x64
		Debug|x86 = Debug|x86
		Release|x64 = Release|x64
		Release|x86 = Release|x86
	EndGlobalSection
	GlobalSection(ProjectConfigurationPlatforms) = postSolution
		{587D3EB4-3876-4904-A3A5-B720F3EB2A77}.Debug|x64.ActiveCfg = Debug|x64
		{587D3EB4-3876-4904-A3A5-B720F3EB2A77}.Debug|x64.Build.0 = Debug|x64
		{587D3EB4-3876-4904-A3A5-B720F3EB2A77}.Debug|x86.ActiveCfg = Debug|Win32
		{587D3EB4-3876-4904-A3A5-B720F3EB2A77}.Debug|x86.Build.0 = Debug|Win32
		{587D3EB4-3876-4904-A3A5-B720F3EB2A77}.Release|x64.ActiveCfg = Release|x64
		{587D3EB4-3876-4904-A3A5-B720F3EB2A77}.Release|x64.Build.0 = Release|x64
		{587D3EB4-3876-4904-A3A5-B720F3EB2A77}.Release|x86.ActiveCfg = Release|Win32
		{587D3EB4-3876-4904-A3A5-B720F3EB2A77}.Release|x86.Build.0 = Release|Win32
		{D36575E2-E407-4172-8C95-D791AF101F51}.Debug|x64.ActiveCfg = Debug|x64
		{D36575E2-E407-4172-8C95-D791AF101F51}.Debug|x64.Build.0 = Debug|x64
		{D36575E2-E407-4172-8C95-D791AF101F51}.Debug|x86.ActiveCfg = Debug|Win32
		{D36575E2-E407-4172-8C95-D791AF101F51}.Debug|x86.Build.0 = Debug|Win32
		{D36575E2-E407-4172-8C95-D791AF101F51}.Release|x64.ActiveCfg = Release|x64
		{D36575E2-E407-4172-8C95-D791AF101F51}.Release|x64.Build.0 = Release|x64
		{D36575E2-E407-4172-8C95-D791AF101F51}.Release|x86.ActiveCfg = Release|Win32
		{D36575E2-E407-4172-8C95-D791AF101F51}.Release|x86.Build.0 = Release|Win32
		{C81E1470-A666-4002-A14B-66854D267F51}.Debug|x64.ActiveCfg = Debug|x64
		{C81E1470-A666-4002-A14B-66854D267F51}.Debug|x64.Build.0 = Debug|x64
		{C81E1470-A666-4002-A14B-66854D267F51}.Debug|x86.ActiveCfg = Debug|Win32
		{C81E1470-A666-4002-A14B-66854D267F51}.Debug|x86.Build.0 = Debug|Win32
		{C81E1470-A666-4002-A14B-66854D267F51}.Release|x64.ActiveCfg = Release|x64
		{C81E1470-A666-4002-A14B-66854D267F51}.Release|x64.Build.0 = Release|x64
		{C81E1470-A666-4002-A14B-66854D267F51}.Release|x86.ActiveCfg = Release|Win32
		{C81E1470-A666-4002-A14B-66854D267F51}.Release|x86.Build.0 = Release|Win32
	EndGlobalSection
	GlobalSection(SolutionProperties) = preSolution
		HideSolutionNode = FALSE
	EndGlobalSection
	GlobalSection(ExtensibilityGlobals) = postSolution
		SolutionGuid = {60A8AB2B-EE5F-46DB-A5C3-755E33646E65}
	EndGlobalSection
EndGlobal
