
Microsoft Visual Studio Solution File, Format Version 12.00
# Visual Studio Version 17
VisualStudioVersion = 17.13.35828.75
MinimumVisualStudioVersion = 10.0.40219.1
Project("{8BC9CEB8-8B4A-11D0-8D11-00A0C91BC942}") = "testproject", "Function\Function.vcxproj", "{B6CE1A29-938B-4BA1-95C3-22E7B135F17F}"
EndProject
Project("{8BC9CEB8-8B4A-11D0-8D11-00A0C91BC942}") = "Ass01", "Ass01\Ass01.vcxproj", "{750BE38C-DD3B-4E2C-AF77-CB5634D42633}"
EndProject
Project("{8BC9CEB8-8B4A-11D0-8D11-00A0C91BC942}") = "Ass03", "Ass03\Ass03.vcxproj", "{00B31B4E-A3C1-4605-97F8-B102DE445212}"
EndProject
Project("{8BC9CEB8-8B4A-11D0-8D11-00A0C91BC942}") = "Ass04", "Ass04\Ass04.vcxproj", "{586244B2-499C-445B-83C3-D7470A9D83BD}"
EndProject
Project("{8BC9CEB8-8B4A-11D0-8D11-00A0C91BC942}") = "Ass05", "Ass05\Ass05.vcxproj", "{8D49A277-37BB-4C6B-9C7F-6CB91F8CEA1D}"
EndProject
Project("{8BC9CEB8-8B4A-11D0-8D11-00A0C91BC942}") = "Ass08", "Ass08\Ass08.vcxproj", "{F02AB264-FE71-46F1-BCB2-19F858E38113}"
EndProject
Project("{8BC9CEB8-8B4A-11D0-8D11-00A0C91BC942}") = "Ass09", "Ass09\Ass09.vcxproj", "{D0BC78BA-615F-4B9C-B45C-71898E620841}"
EndProject
Project("{8BC9CEB8-8B4A-11D0-8D11-00A0C91BC942}") = "Ass17", "Ass17\Ass17.vcxproj", "{A53E0C89-22D3-44F5-854D-CBBE986A4AA1}"
EndProject
Global
	GlobalSection(SolutionConfigurationPlatforms) = preSolution
		Debug|x64 = Debug|x64
		Debug|x86 = Debug|x86
		Release|x64 = Release|x64
		Release|x86 = Release|x86
	EndGlobalSection
	GlobalSection(ProjectConfigurationPlatforms) = postSolution
		{B6CE1A29-938B-4BA1-95C3-22E7B135F17F}.Debug|x64.ActiveCfg = Debug|x64
		{B6CE1A29-938B-4BA1-95C3-22E7B135F17F}.Debug|x64.Build.0 = Debug|x64
		{B6CE1A29-938B-4BA1-95C3-22E7B135F17F}.Debug|x86.ActiveCfg = Debug|Win32
		{B6CE1A29-938B-4BA1-95C3-22E7B135F17F}.Debug|x86.Build.0 = Debug|Win32
		{B6CE1A29-938B-4BA1-95C3-22E7B135F17F}.Release|x64.ActiveCfg = Release|x64
		{B6CE1A29-938B-4BA1-95C3-22E7B135F17F}.Release|x64.Build.0 = Release|x64
		{B6CE1A29-938B-4BA1-95C3-22E7B135F17F}.Release|x86.ActiveCfg = Release|Win32
		{B6CE1A29-938B-4BA1-95C3-22E7B135F17F}.Release|x86.Build.0 = Release|Win32
		{750BE38C-DD3B-4E2C-AF77-CB5634D42633}.Debug|x64.ActiveCfg = Debug|x64
		{750BE38C-DD3B-4E2C-AF77-CB5634D42633}.Debug|x64.Build.0 = Debug|x64
		{750BE38C-DD3B-4E2C-AF77-CB5634D42633}.Debug|x86.ActiveCfg = Debug|Win32
		{750BE38C-DD3B-4E2C-AF77-CB5634D42633}.Debug|x86.Build.0 = Debug|Win32
		{750BE38C-DD3B-4E2C-AF77-CB5634D42633}.Release|x64.ActiveCfg = Release|x64
		{750BE38C-DD3B-4E2C-AF77-CB5634D42633}.Release|x64.Build.0 = Release|x64
		{750BE38C-DD3B-4E2C-AF77-CB5634D42633}.Release|x86.ActiveCfg = Release|Win32
		{750BE38C-DD3B-4E2C-AF77-CB5634D42633}.Release|x86.Build.0 = Release|Win32
		{00B31B4E-A3C1-4605-97F8-B102DE445212}.Debug|x64.ActiveCfg = Debug|x64
		{00B31B4E-A3C1-4605-97F8-B102DE445212}.Debug|x64.Build.0 = Debug|x64
		{00B31B4E-A3C1-4605-97F8-B102DE445212}.Debug|x86.ActiveCfg = Debug|Win32
		{00B31B4E-A3C1-4605-97F8-B102DE445212}.Debug|x86.Build.0 = Debug|Win32
		{00B31B4E-A3C1-4605-97F8-B102DE445212}.Release|x64.ActiveCfg = Release|x64
		{00B31B4E-A3C1-4605-97F8-B102DE445212}.Release|x64.Build.0 = Release|x64
		{00B31B4E-A3C1-4605-97F8-B102DE445212}.Release|x86.ActiveCfg = Release|Win32
		{00B31B4E-A3C1-4605-97F8-B102DE445212}.Release|x86.Build.0 = Release|Win32
		{586244B2-499C-445B-83C3-D7470A9D83BD}.Debug|x64.ActiveCfg = Debug|x64
		{586244B2-499C-445B-83C3-D7470A9D83BD}.Debug|x64.Build.0 = Debug|x64
		{586244B2-499C-445B-83C3-D7470A9D83BD}.Debug|x86.ActiveCfg = Debug|Win32
		{586244B2-499C-445B-83C3-D7470A9D83BD}.Debug|x86.Build.0 = Debug|Win32
		{586244B2-499C-445B-83C3-D7470A9D83BD}.Release|x64.ActiveCfg = Release|x64
		{586244B2-499C-445B-83C3-D7470A9D83BD}.Release|x64.Build.0 = Release|x64
		{586244B2-499C-445B-83C3-D7470A9D83BD}.Release|x86.ActiveCfg = Release|Win32
		{586244B2-499C-445B-83C3-D7470A9D83BD}.Release|x86.Build.0 = Release|Win32
		{8D49A277-37BB-4C6B-9C7F-6CB91F8CEA1D}.Debug|x64.ActiveCfg = Debug|x64
		{8D49A277-37BB-4C6B-9C7F-6CB91F8CEA1D}.Debug|x64.Build.0 = Debug|x64
		{8D49A277-37BB-4C6B-9C7F-6CB91F8CEA1D}.Debug|x86.ActiveCfg = Debug|Win32
		{8D49A277-37BB-4C6B-9C7F-6CB91F8CEA1D}.Debug|x86.Build.0 = Debug|Win32
		{8D49A277-37BB-4C6B-9C7F-6CB91F8CEA1D}.Release|x64.ActiveCfg = Release|x64
		{8D49A277-37BB-4C6B-9C7F-6CB91F8CEA1D}.Release|x64.Build.0 = Release|x64
		{8D49A277-37BB-4C6B-9C7F-6CB91F8CEA1D}.Release|x86.ActiveCfg = Release|Win32
		{8D49A277-37BB-4C6B-9C7F-6CB91F8CEA1D}.Release|x86.Build.0 = Release|Win32
		{F02AB264-FE71-46F1-BCB2-19F858E38113}.Debug|x64.ActiveCfg = Debug|x64
		{F02AB264-FE71-46F1-BCB2-19F858E38113}.Debug|x64.Build.0 = Debug|x64
		{F02AB264-FE71-46F1-BCB2-19F858E38113}.Debug|x86.ActiveCfg = Debug|Win32
		{F02AB264-FE71-46F1-BCB2-19F858E38113}.Debug|x86.Build.0 = Debug|Win32
		{F02AB264-FE71-46F1-BCB2-19F858E38113}.Release|x64.ActiveCfg = Release|x64
		{F02AB264-FE71-46F1-BCB2-19F858E38113}.Release|x64.Build.0 = Release|x64
		{F02AB264-FE71-46F1-BCB2-19F858E38113}.Release|x86.ActiveCfg = Release|Win32
		{F02AB264-FE71-46F1-BCB2-19F858E38113}.Release|x86.Build.0 = Release|Win32
		{D0BC78BA-615F-4B9C-B45C-71898E620841}.Debug|x64.ActiveCfg = Debug|x64
		{D0BC78BA-615F-4B9C-B45C-71898E620841}.Debug|x64.Build.0 = Debug|x64
		{D0BC78BA-615F-4B9C-B45C-71898E620841}.Debug|x86.ActiveCfg = Debug|Win32
		{D0BC78BA-615F-4B9C-B45C-71898E620841}.Debug|x86.Build.0 = Debug|Win32
		{D0BC78BA-615F-4B9C-B45C-71898E620841}.Release|x64.ActiveCfg = Release|x64
		{D0BC78BA-615F-4B9C-B45C-71898E620841}.Release|x64.Build.0 = Release|x64
		{D0BC78BA-615F-4B9C-B45C-71898E620841}.Release|x86.ActiveCfg = Release|Win32
		{D0BC78BA-615F-4B9C-B45C-71898E620841}.Release|x86.Build.0 = Release|Win32
		{A53E0C89-22D3-44F5-854D-CBBE986A4AA1}.Debug|x64.ActiveCfg = Debug|x64
		{A53E0C89-22D3-44F5-854D-CBBE986A4AA1}.Debug|x64.Build.0 = Debug|x64
		{A53E0C89-22D3-44F5-854D-CBBE986A4AA1}.Debug|x86.ActiveCfg = Debug|Win32
		{A53E0C89-22D3-44F5-854D-CBBE986A4AA1}.Debug|x86.Build.0 = Debug|Win32
		{A53E0C89-22D3-44F5-854D-CBBE986A4AA1}.Release|x64.ActiveCfg = Release|x64
		{A53E0C89-22D3-44F5-854D-CBBE986A4AA1}.Release|x64.Build.0 = Release|x64
		{A53E0C89-22D3-44F5-854D-CBBE986A4AA1}.Release|x86.ActiveCfg = Release|Win32
		{A53E0C89-22D3-44F5-854D-CBBE986A4AA1}.Release|x86.Build.0 = Release|Win32
	EndGlobalSection
	GlobalSection(SolutionProperties) = preSolution
		HideSolutionNode = FALSE
	EndGlobalSection
	GlobalSection(ExtensibilityGlobals) = postSolution
		SolutionGuid = {44EC90F0-D766-47CA-A3B7-37B4E2186F29}
	EndGlobalSection
EndGlobal
