
Microsoft Visual Studio Solution File, Format Version 12.00
# Visual Studio Version 17
VisualStudioVersion = 17.13.35828.75
MinimumVisualStudioVersion = 10.0.40219.1
Project("{8BC9CEB8-8B4A-11D0-8D11-00A0C91BC942}") = "Ass01", "Ass01\Ass01.vcxproj", "{A03AF8AF-8012-4E4E-AB37-C33BD335474F}"
EndProject
Project("{8BC9CEB8-8B4A-11D0-8D11-00A0C91BC942}") = "Ass02", "Ass02\Ass02.vcxproj", "{D7A3AE4B-96E6-41D9-AAA0-3E0BF113FF60}"
EndProject
Project("{8BC9CEB8-8B4A-11D0-8D11-00A0C91BC942}") = "Ass05", "Ass05\Ass05.vcxproj", "{4C9B7D5B-9ECF-445D-85B0-601C4B2B3B9C}"
EndProject
Project("{8BC9CEB8-8B4A-11D0-8D11-00A0C91BC942}") = "Ass07", "Ass07\Ass07.vcxproj", "{78578087-B732-465E-ADA3-815E304FD00D}"
EndProject
Project("{8BC9CEB8-8B4A-11D0-8D11-00A0C91BC942}") = "Ass09", "Ass09\Ass09.vcxproj", "{4A3039FB-B27D-4C36-A76D-D2DAF1DA3F6C}"
EndProject
Project("{8BC9CEB8-8B4A-11D0-8D11-00A0C91BC942}") = "Ass10", "Ass10\Ass10.vcxproj", "{FC75D12A-7CBF-425D-8C95-3E82A6916DC6}"
EndProject
Project("{8BC9CEB8-8B4A-11D0-8D11-00A0C91BC942}") = "Ass11", "Ass11\Ass11.vcxproj", "{8B91245E-3FFC-4B6E-A8D1-507CEB1153DF}"
EndProject
Global
	GlobalSection(SolutionConfigurationPlatforms) = preSolution
		Debug|x64 = Debug|x64
		Debug|x86 = Debug|x86
		Release|x64 = Release|x64
		Release|x86 = Release|x86
	EndGlobalSection
	GlobalSection(ProjectConfigurationPlatforms) = postSolution
		{A03AF8AF-8012-4E4E-AB37-C33BD335474F}.Debug|x64.ActiveCfg = Debug|x64
		{A03AF8AF-8012-4E4E-AB37-C33BD335474F}.Debug|x64.Build.0 = Debug|x64
		{A03AF8AF-8012-4E4E-AB37-C33BD335474F}.Debug|x86.ActiveCfg = Debug|Win32
		{A03AF8AF-8012-4E4E-AB37-C33BD335474F}.Debug|x86.Build.0 = Debug|Win32
		{A03AF8AF-8012-4E4E-AB37-C33BD335474F}.Release|x64.ActiveCfg = Release|x64
		{A03AF8AF-8012-4E4E-AB37-C33BD335474F}.Release|x64.Build.0 = Release|x64
		{A03AF8AF-8012-4E4E-AB37-C33BD335474F}.Release|x86.ActiveCfg = Release|Win32
		{A03AF8AF-8012-4E4E-AB37-C33BD335474F}.Release|x86.Build.0 = Release|Win32
		{D7A3AE4B-96E6-41D9-AAA0-3E0BF113FF60}.Debug|x64.ActiveCfg = Debug|x64
		{D7A3AE4B-96E6-41D9-AAA0-3E0BF113FF60}.Debug|x64.Build.0 = Debug|x64
		{D7A3AE4B-96E6-41D9-AAA0-3E0BF113FF60}.Debug|x86.ActiveCfg = Debug|Win32
		{D7A3AE4B-96E6-41D9-AAA0-3E0BF113FF60}.Debug|x86.Build.0 = Debug|Win32
		{D7A3AE4B-96E6-41D9-AAA0-3E0BF113FF60}.Release|x64.ActiveCfg = Release|x64
		{D7A3AE4B-96E6-41D9-AAA0-3E0BF113FF60}.Release|x64.Build.0 = Release|x64
		{D7A3AE4B-96E6-41D9-AAA0-3E0BF113FF60}.Release|x86.ActiveCfg = Release|Win32
		{D7A3AE4B-96E6-41D9-AAA0-3E0BF113FF60}.Release|x86.Build.0 = Release|Win32
		{4C9B7D5B-9ECF-445D-85B0-601C4B2B3B9C}.Debug|x64.ActiveCfg = Debug|x64
		{4C9B7D5B-9ECF-445D-85B0-601C4B2B3B9C}.Debug|x64.Build.0 = Debug|x64
		{4C9B7D5B-9ECF-445D-85B0-601C4B2B3B9C}.Debug|x86.ActiveCfg = Debug|Win32
		{4C9B7D5B-9ECF-445D-85B0-601C4B2B3B9C}.Debug|x86.Build.0 = Debug|Win32
		{4C9B7D5B-9ECF-445D-85B0-601C4B2B3B9C}.Release|x64.ActiveCfg = Release|x64
		{4C9B7D5B-9ECF-445D-85B0-601C4B2B3B9C}.Release|x64.Build.0 = Release|x64
		{4C9B7D5B-9ECF-445D-85B0-601C4B2B3B9C}.Release|x86.ActiveCfg = Release|Win32
		{4C9B7D5B-9ECF-445D-85B0-601C4B2B3B9C}.Release|x86.Build.0 = Release|Win32
		{78578087-B732-465E-ADA3-815E304FD00D}.Debug|x64.ActiveCfg = Debug|x64
		{78578087-B732-465E-ADA3-815E304FD00D}.Debug|x64.Build.0 = Debug|x64
		{78578087-B732-465E-ADA3-815E304FD00D}.Debug|x86.ActiveCfg = Debug|Win32
		{78578087-B732-465E-ADA3-815E304FD00D}.Debug|x86.Build.0 = Debug|Win32
		{78578087-B732-465E-ADA3-815E304FD00D}.Release|x64.ActiveCfg = Release|x64
		{78578087-B732-465E-ADA3-815E304FD00D}.Release|x64.Build.0 = Release|x64
		{78578087-B732-465E-ADA3-815E304FD00D}.Release|x86.ActiveCfg = Release|Win32
		{78578087-B732-465E-ADA3-815E304FD00D}.Release|x86.Build.0 = Release|Win32
		{4A3039FB-B27D-4C36-A76D-D2DAF1DA3F6C}.Debug|x64.ActiveCfg = Debug|x64
		{4A3039FB-B27D-4C36-A76D-D2DAF1DA3F6C}.Debug|x64.Build.0 = Debug|x64
		{4A3039FB-B27D-4C36-A76D-D2DAF1DA3F6C}.Debug|x86.ActiveCfg = Debug|Win32
		{4A3039FB-B27D-4C36-A76D-D2DAF1DA3F6C}.Debug|x86.Build.0 = Debug|Win32
		{4A3039FB-B27D-4C36-A76D-D2DAF1DA3F6C}.Release|x64.ActiveCfg = Release|x64
		{4A3039FB-B27D-4C36-A76D-D2DAF1DA3F6C}.Release|x64.Build.0 = Release|x64
		{4A3039FB-B27D-4C36-A76D-D2DAF1DA3F6C}.Release|x86.ActiveCfg = Release|Win32
		{4A3039FB-B27D-4C36-A76D-D2DAF1DA3F6C}.Release|x86.Build.0 = Release|Win32
		{FC75D12A-7CBF-425D-8C95-3E82A6916DC6}.Debug|x64.ActiveCfg = Debug|x64
		{FC75D12A-7CBF-425D-8C95-3E82A6916DC6}.Debug|x64.Build.0 = Debug|x64
		{FC75D12A-7CBF-425D-8C95-3E82A6916DC6}.Debug|x86.ActiveCfg = Debug|Win32
		{FC75D12A-7CBF-425D-8C95-3E82A6916DC6}.Debug|x86.Build.0 = Debug|Win32
		{FC75D12A-7CBF-425D-8C95-3E82A6916DC6}.Release|x64.ActiveCfg = Release|x64
		{FC75D12A-7CBF-425D-8C95-3E82A6916DC6}.Release|x64.Build.0 = Release|x64
		{FC75D12A-7CBF-425D-8C95-3E82A6916DC6}.Release|x86.ActiveCfg = Release|Win32
		{FC75D12A-7CBF-425D-8C95-3E82A6916DC6}.Release|x86.Build.0 = Release|Win32
		{8B91245E-3FFC-4B6E-A8D1-507CEB1153DF}.Debug|x64.ActiveCfg = Debug|x64
		{8B91245E-3FFC-4B6E-A8D1-507CEB1153DF}.Debug|x64.Build.0 = Debug|x64
		{8B91245E-3FFC-4B6E-A8D1-507CEB1153DF}.Debug|x86.ActiveCfg = Debug|Win32
		{8B91245E-3FFC-4B6E-A8D1-507CEB1153DF}.Debug|x86.Build.0 = Debug|Win32
		{8B91245E-3FFC-4B6E-A8D1-507CEB1153DF}.Release|x64.ActiveCfg = Release|x64
		{8B91245E-3FFC-4B6E-A8D1-507CEB1153DF}.Release|x64.Build.0 = Release|x64
		{8B91245E-3FFC-4B6E-A8D1-507CEB1153DF}.Release|x86.ActiveCfg = Release|Win32
		{8B91245E-3FFC-4B6E-A8D1-507CEB1153DF}.Release|x86.Build.0 = Release|Win32
	EndGlobalSection
	GlobalSection(SolutionProperties) = preSolution
		HideSolutionNode = FALSE
	EndGlobalSection
	GlobalSection(ExtensibilityGlobals) = postSolution
		SolutionGuid = {B5D78CF4-CED1-443A-8951-639FE8A4F571}
	EndGlobalSection
EndGlobal
